
Microsoft Visual Studio Solution File, Format Version 12.00
# Visual Studio Version 17
VisualStudioVersion = 17.5.33627.172
MinimumVisualStudioVersion = 10.0.40219.1
Project("{FAE04EC0-301F-11D3-BF4B-00C04F79EFBC}") = "DoubleVariables", "DoubleVariables\DoubleVariables.csproj", "{08390668-BF26-430F-82A9-307465F9BB91}"
EndProject
Global
	GlobalSection(SolutionConfigurationPlatforms) = preSolution
		Debug|Any CPU = Debug|Any CPU
		Release|Any CPU = Release|Any CPU
	EndGlobalSection
	GlobalSection(ProjectConfigurationPlatforms) = postSolution
		{08390668-BF26-430F-82A9-307465F9BB91}.Debug|Any CPU.ActiveCfg = Debug|Any CPU
		{08390668-BF26-430F-82A9-307465F9BB91}.Debug|Any CPU.Build.0 = Debug|Any CPU
		{08390668-BF26-430F-82A9-307465F9BB91}.Release|Any CPU.ActiveCfg = Release|Any CPU
		{08390668-BF26-430F-82A9-307465F9BB91}.Release|Any CPU.Build.0 = Release|Any CPU
	EndGlobalSection
	GlobalSection(SolutionProperties) = preSolution
		HideSolutionNode = FALSE
	EndGlobalSection
	GlobalSection(ExtensibilityGlobals) = postSolution
		SolutionGuid = {D536A14D-D314-45B7-A272-F054526B284F}
	EndGlobalSection
EndGlobal
